// !$*UTF8*$!
{
	archiveVersion = 1;
	classes = {
	};
	objectVersion = 55;
	objects = {

/* Begin PBXBuildFile section */
		D4D391FC28341AE3006F6100 /* AppDelegate.swift in Sources */ = {isa = PBXBuildFile; fileRef = D4D391FB28341AE3006F6100 /* AppDelegate.swift */; };
		D4D391FE28341AE3006F6100 /* SceneDelegate.swift in Sources */ = {isa = PBXBuildFile; fileRef = D4D391FD28341AE3006F6100 /* SceneDelegate.swift */; };
		D4D3920028341AE3006F6100 /* ViewController.swift in Sources */ = {isa = PBXBuildFile; fileRef = D4D391FF28341AE3006F6100 /* ViewController.swift */; };
		D4D3920328341AE3006F6100 /* Main.storyboard in Resources */ = {isa = PBXBuildFile; fileRef = D4D3920128341AE3006F6100 /* Main.storyboard */; };
		D4D3920528341AE4006F6100 /* Assets.xcassets in Resources */ = {isa = PBXBuildFile; fileRef = D4D3920428341AE4006F6100 /* Assets.xcassets */; };
		D4D3920828341AE4006F6100 /* LaunchScreen.storyboard in Resources */ = {isa = PBXBuildFile; fileRef = D4D3920628341AE4006F6100 /* LaunchScreen.storyboard */; };
		D4D3921328341AE4006F6100 /* BreakIntoPiecesTests.swift in Sources */ = {isa = PBXBuildFile; fileRef = D4D3921228341AE4006F6100 /* BreakIntoPiecesTests.swift */; };
		D4D3921D28341AE4006F6100 /* BreakIntoPiecesUITests.swift in Sources */ = {isa = PBXBuildFile; fileRef = D4D3921C28341AE4006F6100 /* BreakIntoPiecesUITests.swift */; };
		D4D3921F28341AE4006F6100 /* BreakIntoPiecesUITestsLaunchTests.swift in Sources */ = {isa = PBXBuildFile; fileRef = D4D3921E28341AE4006F6100 /* BreakIntoPiecesUITestsLaunchTests.swift */; };
/* End PBXBuildFile section */

/* Begin PBXContainerItemProxy section */
		D4D3920F28341AE4006F6100 /* PBXContainerItemProxy */ = {
			isa = PBXContainerItemProxy;
			containerPortal = D4D391F028341AE3006F6100 /* Project object */;
			proxyType = 1;
			remoteGlobalIDString = D4D391F728341AE3006F6100;
			remoteInfo = BreakIntoPieces;
		};
		D4D3921928341AE4006F6100 /* PBXContainerItemProxy */ = {
			isa = PBXContainerItemProxy;
			containerPortal = D4D391F028341AE3006F6100 /* Project object */;
			proxyType = 1;
			remoteGlobalIDString = D4D391F728341AE3006F6100;
			remoteInfo = BreakIntoPieces;
		};
/* End PBXContainerItemProxy section */

/* Begin PBXFileReference section */
		D4D391F828341AE3006F6100 /* BreakIntoPieces.app */ = {isa = PBXFileReference; explicitFileType = wrapper.application; includeInIndex = 0; path = BreakIntoPieces.app; sourceTree = BUILT_PRODUCTS_DIR; };
		D4D391FB28341AE3006F6100 /* AppDelegate.swift */ = {isa = PBXFileReference; lastKnownFileType = sourcecode.swift; path = AppDelegate.swift; sourceTree = "<group>"; };
		D4D391FD28341AE3006F6100 /* SceneDelegate.swift */ = {isa = PBXFileReference; lastKnownFileType = sourcecode.swift; path = SceneDelegate.swift; sourceTree = "<group>"; };
		D4D391FF28341AE3006F6100 /* ViewController.swift */ = {isa = PBXFileReference; lastKnownFileType = sourcecode.swift; path = ViewController.swift; sourceTree = "<group>"; };
		D4D3920228341AE3006F6100 /* Base */ = {isa = PBXFileReference; lastKnownFileType = file.storyboard; name = Base; path = Base.lproj/Main.storyboard; sourceTree = "<group>"; };
		D4D3920428341AE4006F6100 /* Assets.xcassets */ = {isa = PBXFileReference; lastKnownFileType = folder.assetcatalog; path = Assets.xcassets; sourceTree = "<group>"; };
		D4D3920728341AE4006F6100 /* Base */ = {isa = PBXFileReference; lastKnownFileType = file.storyboard; name = Base; path = Base.lproj/LaunchScreen.storyboard; sourceTree = "<group>"; };
		D4D3920928341AE4006F6100 /* Info.plist */ = {isa = PBXFileReference; lastKnownFileType = text.plist.xml; path = Info.plist; sourceTree = "<group>"; };
		D4D3920E28341AE4006F6100 /* BreakIntoPiecesTests.xctest */ = {isa = PBXFileReference; explicitFileType = wrapper.cfbundle; includeInIndex = 0; path = BreakIntoPiecesTests.xctest; sourceTree = BUILT_PRODUCTS_DIR; };
		D4D3921228341AE4006F6100 /* BreakIntoPiecesTests.swift */ = {isa = PBXFileReference; lastKnownFileType = sourcecode.swift; path = BreakIntoPiecesTests.swift; sourceTree = "<group>"; };
		D4D3921828341AE4006F6100 /* BreakIntoPiecesUITests.xctest */ = {isa = PBXFileReference; explicitFileType = wrapper.cfbundle; includeInIndex = 0; path = BreakIntoPiecesUITests.xctest; sourceTree = BUILT_PRODUCTS_DIR; };
		D4D3921C28341AE4006F6100 /* BreakIntoPiecesUITests.swift */ = {isa = PBXFileReference; lastKnownFileType = sourcecode.swift; path = BreakIntoPiecesUITests.swift; sourceTree = "<group>"; };
		D4D3921E28341AE4006F6100 /* BreakIntoPiecesUITestsLaunchTests.swift */ = {isa = PBXFileReference; lastKnownFileType = sourcecode.swift; path = BreakIntoPiecesUITestsLaunchTests.swift; sourceTree = "<group>"; };
/* End PBXFileReference section */

/* Begin PBXFrameworksBuildPhase section */
		D4D391F528341AE3006F6100 /* Frameworks */ = {
			isa = PBXFrameworksBuildPhase;
			buildActionMask = 2147483647;
			files = (
			);
			runOnlyForDeploymentPostprocessing = 0;
		};
		D4D3920B28341AE4006F6100 /* Frameworks */ = {
			isa = PBXFrameworksBuildPhase;
			buildActionMask = 2147483647;
			files = (
			);
			runOnlyForDeploymentPostprocessing = 0;
		};
		D4D3921528341AE4006F6100 /* Frameworks */ = {
			isa = PBXFrameworksBuildPhase;
			buildActionMask = 2147483647;
			files = (
			);
			runOnlyForDeploymentPostprocessing = 0;
		};
/* End PBXFrameworksBuildPhase section */

/* Begin PBXGroup section */
		D4D391EF28341AE3006F6100 = {
			isa = PBXGroup;
			children = (
				D4D391FA28341AE3006F6100 /* BreakIntoPieces */,
				D4D3921128341AE4006F6100 /* BreakIntoPiecesTests */,
				D4D3921B28341AE4006F6100 /* BreakIntoPiecesUITests */,
				D4D391F928341AE3006F6100 /* Products */,
			);
			sourceTree = "<group>";
		};
		D4D391F928341AE3006F6100 /* Products */ = {
			isa = PBXGroup;
			children = (
				D4D391F828341AE3006F6100 /* BreakIntoPieces.app */,
				D4D3920E28341AE4006F6100 /* BreakIntoPiecesTests.xctest */,
				D4D3921828341AE4006F6100 /* BreakIntoPiecesUITests.xctest */,
			);
			name = Products;
			sourceTree = "<group>";
		};
		D4D391FA28341AE3006F6100 /* BreakIntoPieces */ = {
			isa = PBXGroup;
			children = (
				D4D391FB28341AE3006F6100 /* AppDelegate.swift */,
				D4D391FD28341AE3006F6100 /* SceneDelegate.swift */,
				D4D391FF28341AE3006F6100 /* ViewController.swift */,
				D4D3920128341AE3006F6100 /* Main.storyboard */,
				D4D3920428341AE4006F6100 /* Assets.xcassets */,
				D4D3920628341AE4006F6100 /* LaunchScreen.storyboard */,
				D4D3920928341AE4006F6100 /* Info.plist */,
			);
			path = BreakIntoPieces;
			sourceTree = "<group>";
		};
		D4D3921128341AE4006F6100 /* BreakIntoPiecesTests */ = {
			isa = PBXGroup;
			children = (
				D4D3921228341AE4006F6100 /* BreakIntoPiecesTests.swift */,
			);
			path = BreakIntoPiecesTests;
			sourceTree = "<group>";
		};
		D4D3921B28341AE4006F6100 /* BreakIntoPiecesUITests */ = {
			isa = PBXGroup;
			children = (
				D4D3921C28341AE4006F6100 /* BreakIntoPiecesUITests.swift */,
				D4D3921E28341AE4006F6100 /* BreakIntoPiecesUITestsLaunchTests.swift */,
			);
			path = BreakIntoPiecesUITests;
			sourceTree = "<group>";
		};
/* End PBXGroup section */

/* Begin PBXNativeTarget section */
		D4D391F728341AE3006F6100 /* BreakIntoPieces */ = {
			isa = PBXNativeTarget;
			buildConfigurationList = D4D3922228341AE4006F6100 /* Build configuration list for PBXNativeTarget "BreakIntoPieces" */;
			buildPhases = (
				D4D391F428341AE3006F6100 /* Sources */,
				D4D391F528341AE3006F6100 /* Frameworks */,
				D4D391F628341AE3006F6100 /* Resources */,
			);
			buildRules = (
			);
			dependencies = (
			);
			name = BreakIntoPieces;
			productName = BreakIntoPieces;
			productReference = D4D391F828341AE3006F6100 /* BreakIntoPieces.app */;
			productType = "com.apple.product-type.application";
		};
		D4D3920D28341AE4006F6100 /* BreakIntoPiecesTests */ = {
			isa = PBXNativeTarget;
			buildConfigurationList = D4D3922528341AE4006F6100 /* Build configuration list for PBXNativeTarget "BreakIntoPiecesTests" */;
			buildPhases = (
				D4D3920A28341AE4006F6100 /* Sources */,
				D4D3920B28341AE4006F6100 /* Frameworks */,
				D4D3920C28341AE4006F6100 /* Resources */,
			);
			buildRules = (
			);
			dependencies = (
				D4D3921028341AE4006F6100 /* PBXTargetDependency */,
			);
			name = BreakIntoPiecesTests;
			productName = BreakIntoPiecesTests;
			productReference = D4D3920E28341AE4006F6100 /* BreakIntoPiecesTests.xctest */;
			productType = "com.apple.product-type.bundle.unit-test";
		};
		D4D3921728341AE4006F6100 /* BreakIntoPiecesUITests */ = {
			isa = PBXNativeTarget;
			buildConfigurationList = D4D3922828341AE4006F6100 /* Build configuration list for PBXNativeTarget "BreakIntoPiecesUITests" */;
			buildPhases = (
				D4D3921428341AE4006F6100 /* Sources */,
				D4D3921528341AE4006F6100 /* Frameworks */,
				D4D3921628341AE4006F6100 /* Resources */,
			);
			buildRules = (
			);
			dependencies = (
				D4D3921A28341AE4006F6100 /* PBXTargetDependency */,
			);
			name = BreakIntoPiecesUITests;
			productName = BreakIntoPiecesUITests;
			productReference = D4D3921828341AE4006F6100 /* BreakIntoPiecesUITests.xctest */;
			productType = "com.apple.product-type.bundle.ui-testing";
		};
/* End PBXNativeTarget section */

/* Begin PBXProject section */
		D4D391F028341AE3006F6100 /* Project object */ = {
			isa = PBXProject;
			attributes = {
				BuildIndependentTargetsInParallel = 1;
				LastSwiftUpdateCheck = 1330;
				LastUpgradeCheck = 1330;
				TargetAttributes = {
					D4D391F728341AE3006F6100 = {
						CreatedOnToolsVersion = 13.3;
					};
					D4D3920D28341AE4006F6100 = {
						CreatedOnToolsVersion = 13.3;
						TestTargetID = D4D391F728341AE3006F6100;
					};
					D4D3921728341AE4006F6100 = {
						CreatedOnToolsVersion = 13.3;
						TestTargetID = D4D391F728341AE3006F6100;
					};
				};
			};
			buildConfigurationList = D4D391F328341AE3006F6100 /* Build configuration list for PBXProject "BreakIntoPieces" */;
			compatibilityVersion = "Xcode 13.0";
			developmentRegion = en;
			hasScannedForEncodings = 0;
			knownRegions = (
				en,
				Base,
			);
			mainGroup = D4D391EF28341AE3006F6100;
			productRefGroup = D4D391F928341AE3006F6100 /* Products */;
			projectDirPath = "";
			projectRoot = "";
			targets = (
				D4D391F728341AE3006F6100 /* BreakIntoPieces */,
				D4D3920D28341AE4006F6100 /* BreakIntoPiecesTests */,
				D4D3921728341AE4006F6100 /* BreakIntoPiecesUITests */,
			);
		};
/* End PBXProject section */

/* Begin PBXResourcesBuildPhase section */
		D4D391F628341AE3006F6100 /* Resources */ = {
			isa = PBXResourcesBuildPhase;
			buildActionMask = 2147483647;
			files = (
				D4D3920828341AE4006F6100 /* LaunchScreen.storyboard in Resources */,
				D4D3920528341AE4006F6100 /* Assets.xcassets in Resources */,
				D4D3920328341AE3006F6100 /* Main.storyboard in Resources */,
			);
			runOnlyForDeploymentPostprocessing = 0;
		};
		D4D3920C28341AE4006F6100 /* Resources */ = {
			isa = PBXResourcesBuildPhase;
			buildActionMask = 2147483647;
			files = (
			);
			runOnlyForDeploymentPostprocessing = 0;
		};
		D4D3921628341AE4006F6100 /* Resources */ = {
			isa = PBXResourcesBuildPhase;
			buildActionMask = 2147483647;
			files = (
			);
			runOnlyForDeploymentPostprocessing = 0;
		};
/* End PBXResourcesBuildPhase section */

/* Begin PBXSourcesBuildPhase section */
		D4D391F428341AE3006F6100 /* Sources */ = {
			isa = PBXSourcesBuildPhase;
			buildActionMask = 2147483647;
			files = (
				D4D3920028341AE3006F6100 /* ViewController.swift in Sources */,
				D4D391FC28341AE3006F6100 /* AppDelegate.swift in Sources */,
				D4D391FE28341AE3006F6100 /* SceneDelegate.swift in Sources */,
			);
			runOnlyForDeploymentPostprocessing = 0;
		};
		D4D3920A28341AE4006F6100 /* Sources */ = {
			isa = PBXSourcesBuildPhase;
			buildActionMask = 2147483647;
			files = (
				D4D3921328341AE4006F6100 /* BreakIntoPiecesTests.swift in Sources */,
			);
			runOnlyForDeploymentPostprocessing = 0;
		};
		D4D3921428341AE4006F6100 /* Sources */ = {
			isa = PBXSourcesBuildPhase;
			buildActionMask = 2147483647;
			files = (
				D4D3921D28341AE4006F6100 /* BreakIntoPiecesUITests.swift in Sources */,
				D4D3921F28341AE4006F6100 /* BreakIntoPiecesUITestsLaunchTests.swift in Sources */,
			);
			runOnlyForDeploymentPostprocessing = 0;
		};
/* End PBXSourcesBuildPhase section */

/* Begin PBXTargetDependency section */
		D4D3921028341AE4006F6100 /* PBXTargetDependency */ = {
			isa = PBXTargetDependency;
			target = D4D391F728341AE3006F6100 /* BreakIntoPieces */;
			targetProxy = D4D3920F28341AE4006F6100 /* PBXContainerItemProxy */;
		};
		D4D3921A28341AE4006F6100 /* PBXTargetDependency */ = {
			isa = PBXTargetDependency;
			target = D4D391F728341AE3006F6100 /* BreakIntoPieces */;
			targetProxy = D4D3921928341AE4006F6100 /* PBXContainerItemProxy */;
		};
/* End PBXTargetDependency section */

/* Begin PBXVariantGroup section */
		D4D3920128341AE3006F6100 /* Main.storyboard */ = {
			isa = PBXVariantGroup;
			children = (
				D4D3920228341AE3006F6100 /* Base */,
			);
			name = Main.storyboard;
			sourceTree = "<group>";
		};
		D4D3920628341AE4006F6100 /* LaunchScreen.storyboard */ = {
			isa = PBXVariantGroup;
			children = (
				D4D3920728341AE4006F6100 /* Base */,
			);
			name = LaunchScreen.storyboard;
			sourceTree = "<group>";
		};
/* End PBXVariantGroup section */

/* Begin XCBuildConfiguration section */
		D4D3922028341AE4006F6100 /* Debug */ = {
			isa = XCBuildConfiguration;
			buildSettings = {
				ALWAYS_SEARCH_USER_PATHS = NO;
				CLANG_ANALYZER_NONNULL = YES;
				CLANG_ANALYZER_NUMBER_OBJECT_CONVERSION = YES_AGGRESSIVE;
				CLANG_CXX_LANGUAGE_STANDARD = "gnu++17";
				CLANG_ENABLE_MODULES = YES;
				CLANG_ENABLE_OBJC_ARC = YES;
				CLANG_ENABLE_OBJC_WEAK = YES;
				CLANG_WARN_BLOCK_CAPTURE_AUTORELEASING = YES;
				CLANG_WARN_BOOL_CONVERSION = YES;
				CLANG_WARN_COMMA = YES;
				CLANG_WARN_CONSTANT_CONVERSION = YES;
				CLANG_WARN_DEPRECATED_OBJC_IMPLEMENTATIONS = YES;
				CLANG_WARN_DIRECT_OBJC_ISA_USAGE = YES_ERROR;
				CLANG_WARN_DOCUMENTATION_COMMENTS = YES;
				CLANG_WARN_EMPTY_BODY = YES;
				CLANG_WARN_ENUM_CONVERSION = YES;
				CLANG_WARN_INFINITE_RECURSION = YES;
				CLANG_WARN_INT_CONVERSION = YES;
				CLANG_WARN_NON_LITERAL_NULL_CONVERSION = YES;
				CLANG_WARN_OBJC_IMPLICIT_RETAIN_SELF = YES;
				CLANG_WARN_OBJC_LITERAL_CONVERSION = YES;
				CLANG_WARN_OBJC_ROOT_CLASS = YES_ERROR;
				CLANG_WARN_QUOTED_INCLUDE_IN_FRAMEWORK_HEADER = YES;
				CLANG_WARN_RANGE_LOOP_ANALYSIS = YES;
				CLANG_WARN_STRICT_PROTOTYPES = YES;
				CLANG_WARN_SUSPICIOUS_MOVE = YES;
				CLANG_WARN_UNGUARDED_AVAILABILITY = YES_AGGRESSIVE;
				CLANG_WARN_UNREACHABLE_CODE = YES;
				CLANG_WARN__DUPLICATE_METHOD_MATCH = YES;
				COPY_PHASE_STRIP = NO;
				DEBUG_INFORMATION_FORMAT = dwarf;
				ENABLE_STRICT_OBJC_MSGSEND = YES;
				ENABLE_TESTABILITY = YES;
				GCC_C_LANGUAGE_STANDARD = gnu11;
				GCC_DYNAMIC_NO_PIC = NO;
				GCC_NO_COMMON_BLOCKS = YES;
				GCC_OPTIMIZATION_LEVEL = 0;
				GCC_PREPROCESSOR_DEFINITIONS = (
					"DEBUG=1",
					"$(inherited)",
				);
				GCC_WARN_64_TO_32_BIT_CONVERSION = YES;
				GCC_WARN_ABOUT_RETURN_TYPE = YES_ERROR;
				GCC_WARN_UNDECLARED_SELECTOR = YES;
				GCC_WARN_UNINITIALIZED_AUTOS = YES_AGGRESSIVE;
				GCC_WARN_UNUSED_FUNCTION = YES;
				GCC_WARN_UNUSED_VARIABLE = YES;
				IPHONEOS_DEPLOYMENT_TARGET = 15.4;
				MTL_ENABLE_DEBUG_INFO = INCLUDE_SOURCE;
				MTL_FAST_MATH = YES;
				ONLY_ACTIVE_ARCH = YES;
				SDKROOT = iphoneos;
				SWIFT_ACTIVE_COMPILATION_CONDITIONS = DEBUG;
				SWIFT_OPTIMIZATION_LEVEL = "-Onone";
			};
			name = Debug;
		};
		D4D3922128341AE4006F6100 /* Release */ = {
			isa = XCBuildConfiguration;
			buildSettings = {
				ALWAYS_SEARCH_USER_PATHS = NO;
				CLANG_ANALYZER_NONNULL = YES;
				CLANG_ANALYZER_NUMBER_OBJECT_CONVERSION = YES_AGGRESSIVE;
				CLANG_CXX_LANGUAGE_STANDARD = "gnu++17";
				CLANG_ENABLE_MODULES = YES;
				CLANG_ENABLE_OBJC_ARC = YES;
				CLANG_ENABLE_OBJC_WEAK = YES;
				CLANG_WARN_BLOCK_CAPTURE_AUTORELEASING = YES;
				CLANG_WARN_BOOL_CONVERSION = YES;
				CLANG_WARN_COMMA = YES;
				CLANG_WARN_CONSTANT_CONVERSION = YES;
				CLANG_WARN_DEPRECATED_OBJC_IMPLEMENTATIONS = YES;
				CLANG_WARN_DIRECT_OBJC_ISA_USAGE = YES_ERROR;
				CLANG_WARN_DOCUMENTATION_COMMENTS = YES;
				CLANG_WARN_EMPTY_BODY = YES;
				CLANG_WARN_ENUM_CONVERSION = YES;
				CLANG_WARN_INFINITE_RECURSION = YES;
				CLANG_WARN_INT_CONVERSION = YES;
				CLANG_WARN_NON_LITERAL_NULL_CONVERSION = YES;
				CLANG_WARN_OBJC_IMPLICIT_RETAIN_SELF = YES;
				CLANG_WARN_OBJC_LITERAL_CONVERSION = YES;
				CLANG_WARN_OBJC_ROOT_CLASS = YES_ERROR;
				CLANG_WARN_QUOTED_INCLUDE_IN_FRAMEWORK_HEADER = YES;
				CLANG_WARN_RANGE_LOOP_ANALYSIS = YES;
				CLANG_WARN_STRICT_PROTOTYPES = YES;
				CLANG_WARN_SUSPICIOUS_MOVE = YES;
				CLANG_WARN_UNGUARDED_AVAILABILITY = YES_AGGRESSIVE;
				CLANG_WARN_UNREACHABLE_CODE = YES;
				CLANG_WARN__DUPLICATE_METHOD_MATCH = YES;
				COPY_PHASE_STRIP = NO;
				DEBUG_INFORMATION_FORMAT = "dwarf-with-dsym";
				ENABLE_NS_ASSERTIONS = NO;
				ENABLE_STRICT_OBJC_MSGSEND = YES;
				GCC_C_LANGUAGE_STANDARD = gnu11;
				GCC_NO_COMMON_BLOCKS = YES;
				GCC_WARN_64_TO_32_BIT_CONVERSION = YES;
				GCC_WARN_ABOUT_RETURN_TYPE = YES_ERROR;
				GCC_WARN_UNDECLARED_SELECTOR = YES;
				GCC_WARN_UNINITIALIZED_AUTOS = YES_AGGRESSIVE;
				GCC_WARN_UNUSED_FUNCTION = YES;
				GCC_WARN_UNUSED_VARIABLE = YES;
				IPHONEOS_DEPLOYMENT_TARGET = 15.4;
				MTL_ENABLE_DEBUG_INFO = NO;
				MTL_FAST_MATH = YES;
				SDKROOT = iphoneos;
				SWIFT_COMPILATION_MODE = wholemodule;
				SWIFT_OPTIMIZATION_LEVEL = "-O";
				VALIDATE_PRODUCT = YES;
			};
			name = Release;
		};
		D4D3922328341AE4006F6100 /* Debug */ = {
			isa = XCBuildConfiguration;
			buildSettings = {
				ASSETCATALOG_COMPILER_APPICON_NAME = AppIcon;
				ASSETCATALOG_COMPILER_GLOBAL_ACCENT_COLOR_NAME = AccentColor;
				CODE_SIGN_STYLE = Automatic;
				CURRENT_PROJECT_VERSION = 1;
				DEVELOPMENT_TEAM = 463P5B73DA;
				GENERATE_INFOPLIST_FILE = YES;
				INFOPLIST_FILE = BreakIntoPieces/Info.plist;
				INFOPLIST_KEY_UIApplicationSupportsIndirectInputEvents = YES;
				INFOPLIST_KEY_UILaunchStoryboardName = LaunchScreen;
				INFOPLIST_KEY_UIMainStoryboardFile = Main;
				INFOPLIST_KEY_UISupportedInterfaceOrientations_iPad = "UIInterfaceOrientationPortrait UIInterfaceOrientationPortraitUpsideDown UIInterfaceOrientationLandscapeLeft UIInterfaceOrientationLandscapeRight";
				INFOPLIST_KEY_UISupportedInterfaceOrientations_iPhone = "UIInterfaceOrientationPortrait UIInterfaceOrientationLandscapeLeft UIInterfaceOrientationLandscapeRight";
				LD_RUNPATH_SEARCH_PATHS = (
					"$(inherited)",
					"@executable_path/Frameworks",
				);
				MARKETING_VERSION = 1.0;
				PRODUCT_BUNDLE_IDENTIFIER = com.BreakIntoPieces;
				PRODUCT_NAME = "$(TARGET_NAME)";
				SWIFT_EMIT_LOC_STRINGS = YES;
				SWIFT_VERSION = 5.0;
				TARGETED_DEVICE_FAMILY = "1,2";
			};
			name = Debug;
		};
		D4D3922428341AE4006F6100 /* Release */ = {
			isa = XCBuildConfiguration;
			buildSettings = {
				ASSETCATALOG_COMPILER_APPICON_NAME = AppIcon;
				ASSETCATALOG_COMPILER_GLOBAL_ACCENT_COLOR_NAME = AccentColor;
				CODE_SIGN_STYLE = Automatic;
				CURRENT_PROJECT_VERSION = 1;
				DEVELOPMENT_TEAM = 463P5B73DA;
				GENERATE_INFOPLIST_FILE = YES;
				INFOPLIST_FILE = BreakIntoPieces/Info.plist;
				INFOPLIST_KEY_UIApplicationSupportsIndirectInputEvents = YES;
				INFOPLIST_KEY_UILaunchStoryboardName = LaunchScreen;
				INFOPLIST_KEY_UIMainStoryboardFile = Main;
				INFOPLIST_KEY_UISupportedInterfaceOrientations_iPad = "UIInterfaceOrientationPortrait UIInterfaceOrientationPortraitUpsideDown UIInterfaceOrientationLandscapeLeft UIInterfaceOrientationLandscapeRight";
				INFOPLIST_KEY_UISupportedInterfaceOrientations_iPhone = "UIInterfaceOrientationPortrait UIInterfaceOrientationLandscapeLeft UIInterfaceOrientationLandscapeRight";
				LD_RUNPATH_SEARCH_PATHS = (
					"$(inherited)",
					"@executable_path/Frameworks",
				);
				MARKETING_VERSION = 1.0;
				PRODUCT_BUNDLE_IDENTIFIER = com.BreakIntoPieces;
				PRODUCT_NAME = "$(TARGET_NAME)";
				SWIFT_EMIT_LOC_STRINGS = YES;
				SWIFT_VERSION = 5.0;
				TARGETED_DEVICE_FAMILY = "1,2";
			};
			name = Release;
		};
		D4D3922628341AE4006F6100 /* Debug */ = {
			isa = XCBuildConfiguration;
			buildSettings = {
				ALWAYS_EMBED_SWIFT_STANDARD_LIBRARIES = YES;
				BUNDLE_LOADER = "$(TEST_HOST)";
				CODE_SIGN_STYLE = Automatic;
				CURRENT_PROJECT_VERSION = 1;
				DEVELOPMENT_TEAM = 463P5B73DA;
				GENERATE_INFOPLIST_FILE = YES;
				IPHONEOS_DEPLOYMENT_TARGET = 15.4;
				MARKETING_VERSION = 1.0;
				PRODUCT_BUNDLE_IDENTIFIER = com.BreakIntoPiecesTests;
				PRODUCT_NAME = "$(TARGET_NAME)";
				SWIFT_EMIT_LOC_STRINGS = NO;
				SWIFT_VERSION = 5.0;
				TARGETED_DEVICE_FAMILY = "1,2";
				TEST_HOST = "$(BUILT_PRODUCTS_DIR)/BreakIntoPieces.app/BreakIntoPieces";
			};
			name = Debug;
		};
		D4D3922728341AE4006F6100 /* Release */ = {
			isa = XCBuildConfiguration;
			buildSettings = {
				ALWAYS_EMBED_SWIFT_STANDARD_LIBRARIES = YES;
				BUNDLE_LOADER = "$(TEST_HOST)";
				CODE_SIGN_STYLE = Automatic;
				CURRENT_PROJECT_VERSION = 1;
				DEVELOPMENT_TEAM = 463P5B73DA;
				GENERATE_INFOPLIST_FILE = YES;
				IPHONEOS_DEPLOYMENT_TARGET = 15.4;
				MARKETING_VERSION = 1.0;
				PRODUCT_BUNDLE_IDENTIFIER = com.BreakIntoPiecesTests;
				PRODUCT_NAME = "$(TARGET_NAME)";
				SWIFT_EMIT_LOC_STRINGS = NO;
				SWIFT_VERSION = 5.0;
				TARGETED_DEVICE_FAMILY = "1,2";
				TEST_HOST = "$(BUILT_PRODUCTS_DIR)/BreakIntoPieces.app/BreakIntoPieces";
			};
			name = Release;
		};
		D4D3922928341AE4006F6100 /* Debug */ = {
			isa = XCBuildConfiguration;
			buildSettings = {
				ALWAYS_EMBED_SWIFT_STANDARD_LIBRARIES = YES;
				CODE_SIGN_STYLE = Automatic;
				CURRENT_PROJECT_VERSION = 1;
				DEVELOPMENT_TEAM = 463P5B73DA;
				GENERATE_INFOPLIST_FILE = YES;
				MARKETING_VERSION = 1.0;
				PRODUCT_BUNDLE_IDENTIFIER = com.BreakIntoPiecesUITests;
				PRODUCT_NAME = "$(TARGET_NAME)";
				SWIFT_EMIT_LOC_STRINGS = NO;
				SWIFT_VERSION = 5.0;
				TARGETED_DEVICE_FAMILY = "1,2";
				TEST_TARGET_NAME = BreakIntoPieces;
			};
			name = Debug;
		};
		D4D3922A28341AE4006F6100 /* Release */ = {
			isa = XCBuildConfiguration;
			buildSettings = {
				ALWAYS_EMBED_SWIFT_STANDARD_LIBRARIES = YES;
				CODE_SIGN_STYLE = Automatic;
				CURRENT_PROJECT_VERSION = 1;
				DEVELOPMENT_TEAM = 463P5B73DA;
				GENERATE_INFOPLIST_FILE = YES;
				MARKETING_VERSION = 1.0;
				PRODUCT_BUNDLE_IDENTIFIER = com.BreakIntoPiecesUITests;
				PRODUCT_NAME = "$(TARGET_NAME)";
				SWIFT_EMIT_LOC_STRINGS = NO;
				SWIFT_VERSION = 5.0;
				TARGETED_DEVICE_FAMILY = "1,2";
				TEST_TARGET_NAME = BreakIntoPieces;
			};
			name = Release;
		};
/* End XCBuildConfiguration section */

/* Begin XCConfigurationList section */
		D4D391F328341AE3006F6100 /* Build configuration list for PBXProject "BreakIntoPieces" */ = {
			isa = XCConfigurationList;
			buildConfigurations = (
				D4D3922028341AE4006F6100 /* Debug */,
				D4D3922128341AE4006F6100 /* Release */,
			);
			defaultConfigurationIsVisible = 0;
			defaultConfigurationName = Release;
		};
		D4D3922228341AE4006F6100 /* Build configuration list for PBXNativeTarget "BreakIntoPieces" */ = {
			isa = XCConfigurationList;
			buildConfigurations = (
				D4D3922328341AE4006F6100 /* Debug */,
				D4D3922428341AE4006F6100 /* Release */,
			);
			defaultConfigurationIsVisible = 0;
			defaultConfigurationName = Release;
		};
		D4D3922528341AE4006F6100 /* Build configuration list for PBXNativeTarget "BreakIntoPiecesTests" */ = {
			isa = XCConfigurationList;
			buildConfigurations = (
				D4D3922628341AE4006F6100 /* Debug */,
				D4D3922728341AE4006F6100 /* Release */,
			);
			defaultConfigurationIsVisible = 0;
			defaultConfigurationName = Release;
		};
		D4D3922828341AE4006F6100 /* Build configuration list for PBXNativeTarget "BreakIntoPiecesUITests" */ = {
			isa = XCConfigurationList;
			buildConfigurations = (
				D4D3922928341AE4006F6100 /* Debug */,
				D4D3922A28341AE4006F6100 /* Release */,
			);
			defaultConfigurationIsVisible = 0;
			defaultConfigurationName = Release;
		};
/* End XCConfigurationList section */
	};
	rootObject = D4D391F028341AE3006F6100 /* Project object */;
}
